
Microsoft Visual Studio Solution File, Format Version 12.00
# Visual Studio Version 16
VisualStudioVersion = 16.0.31321.278
MinimumVisualStudioVersion = 10.0.40219.1
Project("{FAE04EC0-301F-11D3-BF4B-00C04F79EFBC}") = "ClipImgSaver", "ClipImgSaver\ClipImgSaver.csproj", "{480923E7-6DEA-4772-BC85-1CC92B27E0FA}"
EndProject
Global
	GlobalSection(SolutionConfigurationPlatforms) = preSolution
		Debug|Any CPU = Debug|Any CPU
		Release|Any CPU = Release|Any CPU
	EndGlobalSection
	GlobalSection(ProjectConfigurationPlatforms) = postSolution
		{480923E7-6DEA-4772-BC85-1CC92B27E0FA}.Debug|Any CPU.ActiveCfg = Debug|Any CPU
		{480923E7-6DEA-4772-BC85-1CC92B27E0FA}.Debug|Any CPU.Build.0 = Debug|Any CPU
		{480923E7-6DEA-4772-BC85-1CC92B27E0FA}.Release|Any CPU.ActiveCfg = Release|Any CPU
		{480923E7-6DEA-4772-BC85-1CC92B27E0FA}.Release|Any CPU.Build.0 = Release|Any CPU
	EndGlobalSection
	GlobalSection(SolutionProperties) = preSolution
		HideSolutionNode = FALSE
	EndGlobalSection
	GlobalSection(ExtensibilityGlobals) = postSolution
		SolutionGuid = {996BAB54-3EF5-46C2-8873-9568F0590E2A}
	EndGlobalSection
EndGlobal
